{
  "name": "@davidsneighbour/skill-check",
  "version": "0.1.0",
  "lockfileVersion": 3,
  "requires": true,
  "packages": {
    "": {
      "name": "@davidsneighbour/skill-check",
      "version": "0.1.0",
      "license": "MIT",
      "bin": {
        "skill-check": "src/cli.js"
      },
      "engines": {
        "node": ">=20.10.0"
      }
    }
  }
}
